
Microsoft Visual Studio Solution File, Format Version 12.00
# Visual Studio Version 17
VisualStudioVersion = 17.2.32630.192
MinimumVisualStudioVersion = 10.0.40219.1
Project("{FAE04EC0-301F-11D3-BF4B-00C04F79EFBC}") = "TestMono", "TestMono\TestMono.csproj", "{84A789D4-3633-4266-A045-423A49216976}"
EndProject
Global
	GlobalSection(SolutionConfigurationPlatforms) = preSolution
		Debug|Any CPU = Debug|Any CPU
		Release|Any CPU = Release|Any CPU
	EndGlobalSection
	GlobalSection(ProjectConfigurationPlatforms) = postSolution
		{84A789D4-3633-4266-A045-423A49216976}.Debug|Any CPU.ActiveCfg = Debug|Any CPU
		{84A789D4-3633-4266-A045-423A49216976}.Debug|Any CPU.Build.0 = Debug|Any CPU
		{84A789D4-3633-4266-A045-423A49216976}.Release|Any CPU.ActiveCfg = Release|Any CPU
		{84A789D4-3633-4266-A045-423A49216976}.Release|Any CPU.Build.0 = Release|Any CPU
	EndGlobalSection
	GlobalSection(SolutionProperties) = preSolution
		HideSolutionNode = FALSE
	EndGlobalSection
	GlobalSection(ExtensibilityGlobals) = postSolution
		SolutionGuid = {D5ADCA04-8454-49BE-8894-9B50D7DED6FB}
	EndGlobalSection
EndGlobal
